
Microsoft Visual Studio Solution File, Format Version 12.00
# Visual Studio Version 16
VisualStudioVersion = 16.0.30011.22
MinimumVisualStudioVersion = 10.0.40219.1
Project("{FAE04EC0-301F-11D3-BF4B-00C04F79EFBC}") = "NerdDataSet", "NerdDataSet.csproj", "{5EB5F3C6-A647-4084-B40F-C31D0408B704}"
EndProject
Global
	GlobalSection(SolutionConfigurationPlatforms) = preSolution
		Debug|Any CPU = Debug|Any CPU
		Release|Any CPU = Release|Any CPU
	EndGlobalSection
	GlobalSection(ProjectConfigurationPlatforms) = postSolution
		{5EB5F3C6-A647-4084-B40F-C31D0408B704}.Debug|Any CPU.ActiveCfg = Debug|Any CPU
		{5EB5F3C6-A647-4084-B40F-C31D0408B704}.Debug|Any CPU.Build.0 = Debug|Any CPU
		{5EB5F3C6-A647-4084-B40F-C31D0408B704}.Release|Any CPU.ActiveCfg = Release|Any CPU
		{5EB5F3C6-A647-4084-B40F-C31D0408B704}.Release|Any CPU.Build.0 = Release|Any CPU
	EndGlobalSection
	GlobalSection(SolutionProperties) = preSolution
		HideSolutionNode = FALSE
	EndGlobalSection
	GlobalSection(ExtensibilityGlobals) = postSolution
		SolutionGuid = {921E0155-BE27-48E8-BD4C-B048107F65B9}
	EndGlobalSection
EndGlobal
